
Microsoft Visual Studio Solution File, Format Version 12.00
# Visual Studio Version 17
VisualStudioVersion = 17.8.34322.80
MinimumVisualStudioVersion = 10.0.40219.1
Project("{9A19103F-16F7-4668-BE54-9A1E7A4F7556}") = "MSTeams-ScreenSharePopupHider", "MSTeams-ScreenSharePopupHider\MSTeams-ScreenSharePopupHider.csproj", "{616EF178-881A-4794-9799-61F102B8C925}"
EndProject
Project("{2150E333-8FDC-42A3-9474-1A3956D46DE8}") = "Solution Items", "Solution Items", "{739BF8D7-F8B0-45AD-85A2-6054B5ABA1C1}"
	ProjectSection(SolutionItems) = preProject
		.editorconfig = .editorconfig
	EndProjectSection
EndProject
Global
	GlobalSection(SolutionConfigurationPlatforms) = preSolution
		Debug|Any CPU = Debug|Any CPU
		Release|Any CPU = Release|Any CPU
	EndGlobalSection
	GlobalSection(ProjectConfigurationPlatforms) = postSolution
		{616EF178-881A-4794-9799-61F102B8C925}.Debug|Any CPU.ActiveCfg = Debug|Any CPU
		{616EF178-881A-4794-9799-61F102B8C925}.Debug|Any CPU.Build.0 = Debug|Any CPU
		{616EF178-881A-4794-9799-61F102B8C925}.Release|Any CPU.ActiveCfg = Release|Any CPU
		{616EF178-881A-4794-9799-61F102B8C925}.Release|Any CPU.Build.0 = Release|Any CPU
	EndGlobalSection
	GlobalSection(SolutionProperties) = preSolution
		HideSolutionNode = FALSE
	EndGlobalSection
	GlobalSection(ExtensibilityGlobals) = postSolution
		SolutionGuid = {54461D83-99A4-4865-8EB1-AEEB87BC9F85}
	EndGlobalSection
EndGlobal
